// !$*UTF8*$!
{
	archiveVersion = 1;
	classes = {
	};
	objectVersion = 50;
	objects = {

/* Begin PBXBuildFile section */
		0D02867F20FC5EF200EBB913 /* AppDelegate.swift in Sources */ = {isa = PBXBuildFile; fileRef = 0D02867E20FC5EF200EBB913 /* AppDelegate.swift */; };
		0D02868120FC5EF200EBB913 /* ViewController.swift in Sources */ = {isa = PBXBuildFile; fileRef = 0D02868020FC5EF200EBB913 /* ViewController.swift */; };
		0D02868420FC5EF200EBB913 /* Main.storyboard in Resources */ = {isa = PBXBuildFile; fileRef = 0D02868220FC5EF200EBB913 /* Main.storyboard */; };
		0D02868620FC5EF400EBB913 /* Assets.xcassets in Resources */ = {isa = PBXBuildFile; fileRef = 0D02868520FC5EF400EBB913 /* Assets.xcassets */; };
		0D02868920FC5EF400EBB913 /* LaunchScreen.storyboard in Resources */ = {isa = PBXBuildFile; fileRef = 0D02868720FC5EF400EBB913 /* LaunchScreen.storyboard */; };
		0D02869420FC5EF500EBB913 /* googlePlaceTests.swift in Sources */ = {isa = PBXBuildFile; fileRef = 0D02869320FC5EF500EBB913 /* googlePlaceTests.swift */; };
		0D02869F20FC5EF500EBB913 /* googlePlaceUITests.swift in Sources */ = {isa = PBXBuildFile; fileRef = 0D02869E20FC5EF500EBB913 /* googlePlaceUITests.swift */; };
		0D0286AF20FCB73400EBB913 /* TableViewCell.swift in Sources */ = {isa = PBXBuildFile; fileRef = 0D0286AE20FCB73400EBB913 /* TableViewCell.swift */; };
		4D9A767C983CB864A35FAD60 /* Pods_googlePlaceTests.framework in Frameworks */ = {isa = PBXBuildFile; fileRef = 1EEE270FACD5160AE08FB1E8 /* Pods_googlePlaceTests.framework */; };
		A934ED8E0B4C67B20B84EC81 /* Pods_googlePlaceUITests.framework in Frameworks */ = {isa = PBXBuildFile; fileRef = 94D21F1B8E6BC2EF74B5FBAB /* Pods_googlePlaceUITests.framework */; };
		F6A5D6B02ACC4FCA1FA37378 /* Pods_googlePlace.framework in Frameworks */ = {isa = PBXBuildFile; fileRef = 6C5417420C960BF828EB18EA /* Pods_googlePlace.framework */; };
/* End PBXBuildFile section */

/* Begin PBXContainerItemProxy section */
		0D02869020FC5EF500EBB913 /* PBXContainerItemProxy */ = {
			isa = PBXContainerItemProxy;
			containerPortal = 0D02867320FC5EF200EBB913 /* Project object */;
			proxyType = 1;
			remoteGlobalIDString = 0D02867A20FC5EF200EBB913;
			remoteInfo = googlePlace;
		};
		0D02869B20FC5EF500EBB913 /* PBXContainerItemProxy */ = {
			isa = PBXContainerItemProxy;
			containerPortal = 0D02867320FC5EF200EBB913 /* Project object */;
			proxyType = 1;
			remoteGlobalIDString = 0D02867A20FC5EF200EBB913;
			remoteInfo = googlePlace;
		};
/* End PBXContainerItemProxy section */

/* Begin PBXFileReference section */
		020A0FF59521A74FE4AF2812 /* Pods-googlePlaceTests.release.xcconfig */ = {isa = PBXFileReference; includeInIndex = 1; lastKnownFileType = text.xcconfig; name = "Pods-googlePlaceTests.release.xcconfig"; path = "Pods/Target Support Files/Pods-googlePlaceTests/Pods-googlePlaceTests.release.xcconfig"; sourceTree = "<group>"; };
		0D02867B20FC5EF200EBB913 /* googlePlace.app */ = {isa = PBXFileReference; explicitFileType = wrapper.application; includeInIndex = 0; path = googlePlace.app; sourceTree = BUILT_PRODUCTS_DIR; };
		0D02867E20FC5EF200EBB913 /* AppDelegate.swift */ = {isa = PBXFileReference; lastKnownFileType = sourcecode.swift; path = AppDelegate.swift; sourceTree = "<group>"; };
		0D02868020FC5EF200EBB913 /* ViewController.swift */ = {isa = PBXFileReference; lastKnownFileType = sourcecode.swift; path = ViewController.swift; sourceTree = "<group>"; };
		0D02868320FC5EF200EBB913 /* Base */ = {isa = PBXFileReference; lastKnownFileType = file.storyboard; name = Base; path = Base.lproj/Main.storyboard; sourceTree = "<group>"; };
		0D02868520FC5EF400EBB913 /* Assets.xcassets */ = {isa = PBXFileReference; lastKnownFileType = folder.assetcatalog; path = Assets.xcassets; sourceTree = "<group>"; };
		0D02868820FC5EF400EBB913 /* Base */ = {isa = PBXFileReference; lastKnownFileType = file.storyboard; name = Base; path = Base.lproj/LaunchScreen.storyboard; sourceTree = "<group>"; };
		0D02868A20FC5EF400EBB913 /* Info.plist */ = {isa = PBXFileReference; lastKnownFileType = text.plist.xml; path = Info.plist; sourceTree = "<group>"; };
		0D02868F20FC5EF500EBB913 /* googlePlaceTests.xctest */ = {isa = PBXFileReference; explicitFileType = wrapper.cfbundle; includeInIndex = 0; path = googlePlaceTests.xctest; sourceTree = BUILT_PRODUCTS_DIR; };
		0D02869320FC5EF500EBB913 /* googlePlaceTests.swift */ = {isa = PBXFileReference; lastKnownFileType = sourcecode.swift; path = googlePlaceTests.swift; sourceTree = "<group>"; };
		0D02869520FC5EF500EBB913 /* Info.plist */ = {isa = PBXFileReference; lastKnownFileType = text.plist.xml; path = Info.plist; sourceTree = "<group>"; };
		0D02869A20FC5EF500EBB913 /* googlePlaceUITests.xctest */ = {isa = PBXFileReference; explicitFileType = wrapper.cfbundle; includeInIndex = 0; path = googlePlaceUITests.xctest; sourceTree = BUILT_PRODUCTS_DIR; };
		0D02869E20FC5EF500EBB913 /* googlePlaceUITests.swift */ = {isa = PBXFileReference; lastKnownFileType = sourcecode.swift; path = googlePlaceUITests.swift; sourceTree = "<group>"; };
		0D0286A020FC5EF500EBB913 /* Info.plist */ = {isa = PBXFileReference; lastKnownFileType = text.plist.xml; path = Info.plist; sourceTree = "<group>"; };
		0D0286AE20FCB73400EBB913 /* TableViewCell.swift */ = {isa = PBXFileReference; lastKnownFileType = sourcecode.swift; path = TableViewCell.swift; sourceTree = "<group>"; };
		1EEE270FACD5160AE08FB1E8 /* Pods_googlePlaceTests.framework */ = {isa = PBXFileReference; explicitFileType = wrapper.framework; includeInIndex = 0; path = Pods_googlePlaceTests.framework; sourceTree = BUILT_PRODUCTS_DIR; };
		6C5417420C960BF828EB18EA /* Pods_googlePlace.framework */ = {isa = PBXFileReference; explicitFileType = wrapper.framework; includeInIndex = 0; path = Pods_googlePlace.framework; sourceTree = BUILT_PRODUCTS_DIR; };
		75EF0975983B765D7B292BC3 /* Pods-googlePlaceTests.debug.xcconfig */ = {isa = PBXFileReference; includeInIndex = 1; lastKnownFileType = text.xcconfig; name = "Pods-googlePlaceTests.debug.xcconfig"; path = "Pods/Target Support Files/Pods-googlePlaceTests/Pods-googlePlaceTests.debug.xcconfig"; sourceTree = "<group>"; };
		91E6C7AC5AEC3F4E9B760459 /* Pods-googlePlaceUITests.release.xcconfig */ = {isa = PBXFileReference; includeInIndex = 1; lastKnownFileType = text.xcconfig; name = "Pods-googlePlaceUITests.release.xcconfig"; path = "Pods/Target Support Files/Pods-googlePlaceUITests/Pods-googlePlaceUITests.release.xcconfig"; sourceTree = "<group>"; };
		94D21F1B8E6BC2EF74B5FBAB /* Pods_googlePlaceUITests.framework */ = {isa = PBXFileReference; explicitFileType = wrapper.framework; includeInIndex = 0; path = Pods_googlePlaceUITests.framework; sourceTree = BUILT_PRODUCTS_DIR; };
		A0AFB0B97A72F49152B5847E /* Pods-googlePlace.release.xcconfig */ = {isa = PBXFileReference; includeInIndex = 1; lastKnownFileType = text.xcconfig; name = "Pods-googlePlace.release.xcconfig"; path = "Pods/Target Support Files/Pods-googlePlace/Pods-googlePlace.release.xcconfig"; sourceTree = "<group>"; };
		CEAD8A1AB860234172F48B6A /* Pods-googlePlaceUITests.debug.xcconfig */ = {isa = PBXFileReference; includeInIndex = 1; lastKnownFileType = text.xcconfig; name = "Pods-googlePlaceUITests.debug.xcconfig"; path = "Pods/Target Support Files/Pods-googlePlaceUITests/Pods-googlePlaceUITests.debug.xcconfig"; sourceTree = "<group>"; };
		D28AB22C97FED483A75E0468 /* Pods-googlePlace.debug.xcconfig */ = {isa = PBXFileReference; includeInIndex = 1; lastKnownFileType = text.xcconfig; name = "Pods-googlePlace.debug.xcconfig"; path = "Pods/Target Support Files/Pods-googlePlace/Pods-googlePlace.debug.xcconfig"; sourceTree = "<group>"; };
/* End PBXFileReference section */

/* Begin PBXFrameworksBuildPhase section */
		0D02867820FC5EF200EBB913 /* Frameworks */ = {
			isa = PBXFrameworksBuildPhase;
			buildActionMask = 2147483647;
			files = (
				F6A5D6B02ACC4FCA1FA37378 /* Pods_googlePlace.framework in Frameworks */,
			);
			runOnlyForDeploymentPostprocessing = 0;
		};
		0D02868C20FC5EF500EBB913 /* Frameworks */ = {
			isa = PBXFrameworksBuildPhase;
			buildActionMask = 2147483647;
			files = (
				4D9A767C983CB864A35FAD60 /* Pods_googlePlaceTests.framework in Frameworks */,
			);
			runOnlyForDeploymentPostprocessing = 0;
		};
		0D02869720FC5EF500EBB913 /* Frameworks */ = {
			isa = PBXFrameworksBuildPhase;
			buildActionMask = 2147483647;
			files = (
				A934ED8E0B4C67B20B84EC81 /* Pods_googlePlaceUITests.framework in Frameworks */,
			);
			runOnlyForDeploymentPostprocessing = 0;
		};
/* End PBXFrameworksBuildPhase section */

/* Begin PBXGroup section */
		0D02867220FC5EF200EBB913 = {
			isa = PBXGroup;
			children = (
				0D02867D20FC5EF200EBB913 /* googlePlace */,
				0D02869220FC5EF500EBB913 /* googlePlaceTests */,
				0D02869D20FC5EF500EBB913 /* googlePlaceUITests */,
				0D02867C20FC5EF200EBB913 /* Products */,
				1B05095E48185E0EBB356868 /* Pods */,
				D889F45EA857FC200E95D93C /* Frameworks */,
			);
			sourceTree = "<group>";
		};
		0D02867C20FC5EF200EBB913 /* Products */ = {
			isa = PBXGroup;
			children = (
				0D02867B20FC5EF200EBB913 /* googlePlace.app */,
				0D02868F20FC5EF500EBB913 /* googlePlaceTests.xctest */,
				0D02869A20FC5EF500EBB913 /* googlePlaceUITests.xctest */,
			);
			name = Products;
			sourceTree = "<group>";
		};
		0D02867D20FC5EF200EBB913 /* googlePlace */ = {
			isa = PBXGroup;
			children = (
				0D02867E20FC5EF200EBB913 /* AppDelegate.swift */,
				0D02868020FC5EF200EBB913 /* ViewController.swift */,
				0D0286AE20FCB73400EBB913 /* TableViewCell.swift */,
				0D02868220FC5EF200EBB913 /* Main.storyboard */,
				0D02868520FC5EF400EBB913 /* Assets.xcassets */,
				0D02868720FC5EF400EBB913 /* LaunchScreen.storyboard */,
				0D02868A20FC5EF400EBB913 /* Info.plist */,
			);
			path = googlePlace;
			sourceTree = "<group>";
		};
		0D02869220FC5EF500EBB913 /* googlePlaceTests */ = {
			isa = PBXGroup;
			children = (
				0D02869320FC5EF500EBB913 /* googlePlaceTests.swift */,
				0D02869520FC5EF500EBB913 /* Info.plist */,
			);
			path = googlePlaceTests;
			sourceTree = "<group>";
		};
		0D02869D20FC5EF500EBB913 /* googlePlaceUITests */ = {
			isa = PBXGroup;
			children = (
				0D02869E20FC5EF500EBB913 /* googlePlaceUITests.swift */,
				0D0286A020FC5EF500EBB913 /* Info.plist */,
			);
			path = googlePlaceUITests;
			sourceTree = "<group>";
		};
		1B05095E48185E0EBB356868 /* Pods */ = {
			isa = PBXGroup;
			children = (
				D28AB22C97FED483A75E0468 /* Pods-googlePlace.debug.xcconfig */,
				A0AFB0B97A72F49152B5847E /* Pods-googlePlace.release.xcconfig */,
				75EF0975983B765D7B292BC3 /* Pods-googlePlaceTests.debug.xcconfig */,
				020A0FF59521A74FE4AF2812 /* Pods-googlePlaceTests.release.xcconfig */,
				CEAD8A1AB860234172F48B6A /* Pods-googlePlaceUITests.debug.xcconfig */,
				91E6C7AC5AEC3F4E9B760459 /* Pods-googlePlaceUITests.release.xcconfig */,
			);
			name = Pods;
			sourceTree = "<group>";
		};
		D889F45EA857FC200E95D93C /* Frameworks */ = {
			isa = PBXGroup;
			children = (
				6C5417420C960BF828EB18EA /* Pods_googlePlace.framework */,
				1EEE270FACD5160AE08FB1E8 /* Pods_googlePlaceTests.framework */,
				94D21F1B8E6BC2EF74B5FBAB /* Pods_googlePlaceUITests.framework */,
			);
			name = Frameworks;
			sourceTree = "<group>";
		};
/* End PBXGroup section */

/* Begin PBXNativeTarget section */
		0D02867A20FC5EF200EBB913 /* googlePlace */ = {
			isa = PBXNativeTarget;
			buildConfigurationList = 0D0286A320FC5EF500EBB913 /* Build configuration list for PBXNativeTarget "googlePlace" */;
			buildPhases = (
				8335CBF704F0C164B845B834 /* [CP] Check Pods Manifest.lock */,
				0D02867720FC5EF200EBB913 /* Sources */,
				0D02867820FC5EF200EBB913 /* Frameworks */,
				0D02867920FC5EF200EBB913 /* Resources */,
				DE50D37F875EA740C8737D20 /* [CP] Copy Pods Resources */,
			);
			buildRules = (
			);
			dependencies = (
			);
			name = googlePlace;
			productName = googlePlace;
			productReference = 0D02867B20FC5EF200EBB913 /* googlePlace.app */;
			productType = "com.apple.product-type.application";
		};
		0D02868E20FC5EF500EBB913 /* googlePlaceTests */ = {
			isa = PBXNativeTarget;
			buildConfigurationList = 0D0286A620FC5EF500EBB913 /* Build configuration list for PBXNativeTarget "googlePlaceTests" */;
			buildPhases = (
				65EA42B42DCC1907929C921F /* [CP] Check Pods Manifest.lock */,
				0D02868B20FC5EF500EBB913 /* Sources */,
				0D02868C20FC5EF500EBB913 /* Frameworks */,
				0D02868D20FC5EF500EBB913 /* Resources */,
			);
			buildRules = (
			);
			dependencies = (
				0D02869120FC5EF500EBB913 /* PBXTargetDependency */,
			);
			name = googlePlaceTests;
			productName = googlePlaceTests;
			productReference = 0D02868F20FC5EF500EBB913 /* googlePlaceTests.xctest */;
			productType = "com.apple.product-type.bundle.unit-test";
		};
		0D02869920FC5EF500EBB913 /* googlePlaceUITests */ = {
			isa = PBXNativeTarget;
			buildConfigurationList = 0D0286A920FC5EF500EBB913 /* Build configuration list for PBXNativeTarget "googlePlaceUITests" */;
			buildPhases = (
				1082A8D43C405DC2A9FE65FE /* [CP] Check Pods Manifest.lock */,
				0D02869620FC5EF500EBB913 /* Sources */,
				0D02869720FC5EF500EBB913 /* Frameworks */,
				0D02869820FC5EF500EBB913 /* Resources */,
			);
			buildRules = (
			);
			dependencies = (
				0D02869C20FC5EF500EBB913 /* PBXTargetDependency */,
			);
			name = googlePlaceUITests;
			productName = googlePlaceUITests;
			productReference = 0D02869A20FC5EF500EBB913 /* googlePlaceUITests.xctest */;
			productType = "com.apple.product-type.bundle.ui-testing";
		};
/* End PBXNativeTarget section */

/* Begin PBXProject section */
		0D02867320FC5EF200EBB913 /* Project object */ = {
			isa = PBXProject;
			attributes = {
				LastSwiftUpdateCheck = 0940;
				LastUpgradeCheck = 0940;
				ORGANIZATIONNAME = invetech;
				TargetAttributes = {
					0D02867A20FC5EF200EBB913 = {
						CreatedOnToolsVersion = 9.4;
					};
					0D02868E20FC5EF500EBB913 = {
						CreatedOnToolsVersion = 9.4;
						TestTargetID = 0D02867A20FC5EF200EBB913;
					};
					0D02869920FC5EF500EBB913 = {
						CreatedOnToolsVersion = 9.4;
						TestTargetID = 0D02867A20FC5EF200EBB913;
					};
				};
			};
			buildConfigurationList = 0D02867620FC5EF200EBB913 /* Build configuration list for PBXProject "googlePlace" */;
			compatibilityVersion = "Xcode 9.3";
			developmentRegion = en;
			hasScannedForEncodings = 0;
			knownRegions = (
				en,
				Base,
			);
			mainGroup = 0D02867220FC5EF200EBB913;
			productRefGroup = 0D02867C20FC5EF200EBB913 /* Products */;
			projectDirPath = "";
			projectRoot = "";
			targets = (
				0D02867A20FC5EF200EBB913 /* googlePlace */,
				0D02868E20FC5EF500EBB913 /* googlePlaceTests */,
				0D02869920FC5EF500EBB913 /* googlePlaceUITests */,
			);
		};
/* End PBXProject section */

/* Begin PBXResourcesBuildPhase section */
		0D02867920FC5EF200EBB913 /* Resources */ = {
			isa = PBXResourcesBuildPhase;
			buildActionMask = 2147483647;
			files = (
				0D02868920FC5EF400EBB913 /* LaunchScreen.storyboard in Resources */,
				0D02868620FC5EF400EBB913 /* Assets.xcassets in Resources */,
				0D02868420FC5EF200EBB913 /* Main.storyboard in Resources */,
			);
			runOnlyForDeploymentPostprocessing = 0;
		};
		0D02868D20FC5EF500EBB913 /* Resources */ = {
			isa = PBXResourcesBuildPhase;
			buildActionMask = 2147483647;
			files = (
			);
			runOnlyForDeploymentPostprocessing = 0;
		};
		0D02869820FC5EF500EBB913 /* Resources */ = {
			isa = PBXResourcesBuildPhase;
			buildActionMask = 2147483647;
			files = (
			);
			runOnlyForDeploymentPostprocessing = 0;
		};
/* End PBXResourcesBuildPhase section */

/* Begin PBXShellScriptBuildPhase section */
		1082A8D43C405DC2A9FE65FE /* [CP] Check Pods Manifest.lock */ = {
			isa = PBXShellScriptBuildPhase;
			buildActionMask = 2147483647;
			files = (
			);
			inputPaths = (
				"${PODS_PODFILE_DIR_PATH}/Podfile.lock",
				"${PODS_ROOT}/Manifest.lock",
			);
			name = "[CP] Check Pods Manifest.lock";
			outputPaths = (
				"$(DERIVED_FILE_DIR)/Pods-googlePlaceUITests-checkManifestLockResult.txt",
			);
			runOnlyForDeploymentPostprocessing = 0;
			shellPath = /bin/sh;
			shellScript = "diff \"${PODS_PODFILE_DIR_PATH}/Podfile.lock\" \"${PODS_ROOT}/Manifest.lock\" > /dev/null\nif [ $? != 0 ] ; then\n    # print error to STDERR\n    echo \"error: The sandbox is not in sync with the Podfile.lock. Run 'pod install' or update your CocoaPods installation.\" >&2\n    exit 1\nfi\n# This output is used by Xcode 'outputs' to avoid re-running this script phase.\necho \"SUCCESS\" > \"${SCRIPT_OUTPUT_FILE_0}\"\n";
			showEnvVarsInLog = 0;
		};
		65EA42B42DCC1907929C921F /* [CP] Check Pods Manifest.lock */ = {
			isa = PBXShellScriptBuildPhase;
			buildActionMask = 2147483647;
			files = (
			);
			inputPaths = (
				"${PODS_PODFILE_DIR_PATH}/Podfile.lock",
				"${PODS_ROOT}/Manifest.lock",
			);
			name = "[CP] Check Pods Manifest.lock";
			outputPaths = (
				"$(DERIVED_FILE_DIR)/Pods-googlePlaceTests-checkManifestLockResult.txt",
			);
			runOnlyForDeploymentPostprocessing = 0;
			shellPath = /bin/sh;
			shellScript = "diff \"${PODS_PODFILE_DIR_PATH}/Podfile.lock\" \"${PODS_ROOT}/Manifest.lock\" > /dev/null\nif [ $? != 0 ] ; then\n    # print error to STDERR\n    echo \"error: The sandbox is not in sync with the Podfile.lock. Run 'pod install' or update your CocoaPods installation.\" >&2\n    exit 1\nfi\n# This output is used by Xcode 'outputs' to avoid re-running this script phase.\necho \"SUCCESS\" > \"${SCRIPT_OUTPUT_FILE_0}\"\n";
			showEnvVarsInLog = 0;
		};
		8335CBF704F0C164B845B834 /* [CP] Check Pods Manifest.lock */ = {
			isa = PBXShellScriptBuildPhase;
			buildActionMask = 2147483647;
			files = (
			);
			inputPaths = (
				"${PODS_PODFILE_DIR_PATH}/Podfile.lock",
				"${PODS_ROOT}/Manifest.lock",
			);
			name = "[CP] Check Pods Manifest.lock";
			outputPaths = (
				"$(DERIVED_FILE_DIR)/Pods-googlePlace-checkManifestLockResult.txt",
			);
			runOnlyForDeploymentPostprocessing = 0;
			shellPath = /bin/sh;
			shellScript = "diff \"${PODS_PODFILE_DIR_PATH}/Podfile.lock\" \"${PODS_ROOT}/Manifest.lock\" > /dev/null\nif [ $? != 0 ] ; then\n    # print error to STDERR\n    echo \"error: The sandbox is not in sync with the Podfile.lock. Run 'pod install' or update your CocoaPods installation.\" >&2\n    exit 1\nfi\n# This output is used by Xcode 'outputs' to avoid re-running this script phase.\necho \"SUCCESS\" > \"${SCRIPT_OUTPUT_FILE_0}\"\n";
			showEnvVarsInLog = 0;
		};
		DE50D37F875EA740C8737D20 /* [CP] Copy Pods Resources */ = {
			isa = PBXShellScriptBuildPhase;
			buildActionMask = 2147483647;
			files = (
			);
			inputPaths = (
				"${SRCROOT}/Pods/Target Support Files/Pods-googlePlace/Pods-googlePlace-resources.sh",
				"${PODS_ROOT}/GoogleMaps/Maps/Frameworks/GoogleMaps.framework/Resources/GoogleMaps.bundle",
				"${PODS_ROOT}/GooglePlaces/Frameworks/GooglePlaces.framework/Resources/GooglePlaces.bundle",
			);
			name = "[CP] Copy Pods Resources";
			outputPaths = (
				"${TARGET_BUILD_DIR}/${UNLOCALIZED_RESOURCES_FOLDER_PATH}/GoogleMaps.bundle",
				"${TARGET_BUILD_DIR}/${UNLOCALIZED_RESOURCES_FOLDER_PATH}/GooglePlaces.bundle",
			);
			runOnlyForDeploymentPostprocessing = 0;
			shellPath = /bin/sh;
			shellScript = "\"${SRCROOT}/Pods/Target Support Files/Pods-googlePlace/Pods-googlePlace-resources.sh\"\n";
			showEnvVarsInLog = 0;
		};
/* End PBXShellScriptBuildPhase section */

/* Begin PBXSourcesBuildPhase section */
		0D02867720FC5EF200EBB913 /* Sources */ = {
			isa = PBXSourcesBuildPhase;
			buildActionMask = 2147483647;
			files = (
				0D0286AF20FCB73400EBB913 /* TableViewCell.swift in Sources */,
				0D02868120FC5EF200EBB913 /* ViewController.swift in Sources */,
				0D02867F20FC5EF200EBB913 /* AppDelegate.swift in Sources */,
			);
			runOnlyForDeploymentPostprocessing = 0;
		};
		0D02868B20FC5EF500EBB913 /* Sources */ = {
			isa = PBXSourcesBuildPhase;
			buildActionMask = 2147483647;
			files = (
				0D02869420FC5EF500EBB913 /* googlePlaceTests.swift in Sources */,
			);
			runOnlyForDeploymentPostprocessing = 0;
		};
		0D02869620FC5EF500EBB913 /* Sources */ = {
			isa = PBXSourcesBuildPhase;
			buildActionMask = 2147483647;
			files = (
				0D02869F20FC5EF500EBB913 /* googlePlaceUITests.swift in Sources */,
			);
			runOnlyForDeploymentPostprocessing = 0;
		};
/* End PBXSourcesBuildPhase section */

/* Begin PBXTargetDependency section */
		0D02869120FC5EF500EBB913 /* PBXTargetDependency */ = {
			isa = PBXTargetDependency;
			target = 0D02867A20FC5EF200EBB913 /* googlePlace */;
			targetProxy = 0D02869020FC5EF500EBB913 /* PBXContainerItemProxy */;
		};
		0D02869C20FC5EF500EBB913 /* PBXTargetDependency */ = {
			isa = PBXTargetDependency;
			target = 0D02867A20FC5EF200EBB913 /* googlePlace */;
			targetProxy = 0D02869B20FC5EF500EBB913 /* PBXContainerItemProxy */;
		};
/* End PBXTargetDependency section */

/* Begin PBXVariantGroup section */
		0D02868220FC5EF200EBB913 /* Main.storyboard */ = {
			isa = PBXVariantGroup;
			children = (
				0D02868320FC5EF200EBB913 /* Base */,
			);
			name = Main.storyboard;
			sourceTree = "<group>";
		};
		0D02868720FC5EF400EBB913 /* LaunchScreen.storyboard */ = {
			isa = PBXVariantGroup;
			children = (
				0D02868820FC5EF400EBB913 /* Base */,
			);
			name = LaunchScreen.storyboard;
			sourceTree = "<group>";
		};
/* End PBXVariantGroup section */

/* Begin XCBuildConfiguration section */
		0D0286A120FC5EF500EBB913 /* Debug */ = {
			isa = XCBuildConfiguration;
			buildSettings = {
				ALWAYS_SEARCH_USER_PATHS = NO;
				CLANG_ANALYZER_NONNULL = YES;
				CLANG_ANALYZER_NUMBER_OBJECT_CONVERSION = YES_AGGRESSIVE;
				CLANG_CXX_LANGUAGE_STANDARD = "gnu++14";
				CLANG_CXX_LIBRARY = "libc++";
				CLANG_ENABLE_MODULES = YES;
				CLANG_ENABLE_OBJC_ARC = YES;
				CLANG_ENABLE_OBJC_WEAK = YES;
				CLANG_WARN_BLOCK_CAPTURE_AUTORELEASING = YES;
				CLANG_WARN_BOOL_CONVERSION = YES;
				CLANG_WARN_COMMA = YES;
				CLANG_WARN_CONSTANT_CONVERSION = YES;
				CLANG_WARN_DEPRECATED_OBJC_IMPLEMENTATIONS = YES;
				CLANG_WARN_DIRECT_OBJC_ISA_USAGE = YES_ERROR;
				CLANG_WARN_DOCUMENTATION_COMMENTS = YES;
				CLANG_WARN_EMPTY_BODY = YES;
				CLANG_WARN_ENUM_CONVERSION = YES;
				CLANG_WARN_INFINITE_RECURSION = YES;
				CLANG_WARN_INT_CONVERSION = YES;
				CLANG_WARN_NON_LITERAL_NULL_CONVERSION = YES;
				CLANG_WARN_OBJC_IMPLICIT_RETAIN_SELF = YES;
				CLANG_WARN_OBJC_LITERAL_CONVERSION = YES;
				CLANG_WARN_OBJC_ROOT_CLASS = YES_ERROR;
				CLANG_WARN_RANGE_LOOP_ANALYSIS = YES;
				CLANG_WARN_STRICT_PROTOTYPES = YES;
				CLANG_WARN_SUSPICIOUS_MOVE = YES;
				CLANG_WARN_UNGUARDED_AVAILABILITY = YES_AGGRESSIVE;
				CLANG_WARN_UNREACHABLE_CODE = YES;
				CLANG_WARN__DUPLICATE_METHOD_MATCH = YES;
				CODE_SIGN_IDENTITY = "iPhone Developer";
				COPY_PHASE_STRIP = NO;
				DEBUG_INFORMATION_FORMAT = dwarf;
				ENABLE_STRICT_OBJC_MSGSEND = YES;
				ENABLE_TESTABILITY = YES;
				GCC_C_LANGUAGE_STANDARD = gnu11;
				GCC_DYNAMIC_NO_PIC = NO;
				GCC_NO_COMMON_BLOCKS = YES;
				GCC_OPTIMIZATION_LEVEL = 0;
				GCC_PREPROCESSOR_DEFINITIONS = (
					"DEBUG=1",
					"$(inherited)",
				);
				GCC_WARN_64_TO_32_BIT_CONVERSION = YES;
				GCC_WARN_ABOUT_RETURN_TYPE = YES_ERROR;
				GCC_WARN_UNDECLARED_SELECTOR = YES;
				GCC_WARN_UNINITIALIZED_AUTOS = YES_AGGRESSIVE;
				GCC_WARN_UNUSED_FUNCTION = YES;
				GCC_WARN_UNUSED_VARIABLE = YES;
				IPHONEOS_DEPLOYMENT_TARGET = 11.4;
				MTL_ENABLE_DEBUG_INFO = YES;
				ONLY_ACTIVE_ARCH = YES;
				SDKROOT = iphoneos;
				SWIFT_ACTIVE_COMPILATION_CONDITIONS = DEBUG;
				SWIFT_OPTIMIZATION_LEVEL = "-Onone";
			};
			name = Debug;
		};
		0D0286A220FC5EF500EBB913 /* Release */ = {
			isa = XCBuildConfiguration;
			buildSettings = {
				ALWAYS_SEARCH_USER_PATHS = NO;
				CLANG_ANALYZER_NONNULL = YES;
				CLANG_ANALYZER_NUMBER_OBJECT_CONVERSION = YES_AGGRESSIVE;
				CLANG_CXX_LANGUAGE_STANDARD = "gnu++14";
				CLANG_CXX_LIBRARY = "libc++";
				CLANG_ENABLE_MODULES = YES;
				CLANG_ENABLE_OBJC_ARC = YES;
				CLANG_ENABLE_OBJC_WEAK = YES;
				CLANG_WARN_BLOCK_CAPTURE_AUTORELEASING = YES;
				CLANG_WARN_BOOL_CONVERSION = YES;
				CLANG_WARN_COMMA = YES;
				CLANG_WARN_CONSTANT_CONVERSION = YES;
				CLANG_WARN_DEPRECATED_OBJC_IMPLEMENTATIONS = YES;
				CLANG_WARN_DIRECT_OBJC_ISA_USAGE = YES_ERROR;
				CLANG_WARN_DOCUMENTATION_COMMENTS = YES;
				CLANG_WARN_EMPTY_BODY = YES;
				CLANG_WARN_ENUM_CONVERSION = YES;
				CLANG_WARN_INFINITE_RECURSION = YES;
				CLANG_WARN_INT_CONVERSION = YES;
				CLANG_WARN_NON_LITERAL_NULL_CONVERSION = YES;
				CLANG_WARN_OBJC_IMPLICIT_RETAIN_SELF = YES;
				CLANG_WARN_OBJC_LITERAL_CONVERSION = YES;
				CLANG_WARN_OBJC_ROOT_CLASS = YES_ERROR;
				CLANG_WARN_RANGE_LOOP_ANALYSIS = YES;
				CLANG_WARN_STRICT_PROTOTYPES = YES;
				CLANG_WARN_SUSPICIOUS_MOVE = YES;
				CLANG_WARN_UNGUARDED_AVAILABILITY = YES_AGGRESSIVE;
				CLANG_WARN_UNREACHABLE_CODE = YES;
				CLANG_WARN__DUPLICATE_METHOD_MATCH = YES;
				CODE_SIGN_IDENTITY = "iPhone Developer";
				COPY_PHASE_STRIP = NO;
				DEBUG_INFORMATION_FORMAT = "dwarf-with-dsym";
				ENABLE_NS_ASSERTIONS = NO;
				ENABLE_STRICT_OBJC_MSGSEND = YES;
				GCC_C_LANGUAGE_STANDARD = gnu11;
				GCC_NO_COMMON_BLOCKS = YES;
				GCC_WARN_64_TO_32_BIT_CONVERSION = YES;
				GCC_WARN_ABOUT_RETURN_TYPE = YES_ERROR;
				GCC_WARN_UNDECLARED_SELECTOR = YES;
				GCC_WARN_UNINITIALIZED_AUTOS = YES_AGGRESSIVE;
				GCC_WARN_UNUSED_FUNCTION = YES;
				GCC_WARN_UNUSED_VARIABLE = YES;
				IPHONEOS_DEPLOYMENT_TARGET = 11.4;
				MTL_ENABLE_DEBUG_INFO = NO;
				SDKROOT = iphoneos;
				SWIFT_COMPILATION_MODE = wholemodule;
				SWIFT_OPTIMIZATION_LEVEL = "-O";
				VALIDATE_PRODUCT = YES;
			};
			name = Release;
		};
		0D0286A420FC5EF500EBB913 /* Debug */ = {
			isa = XCBuildConfiguration;
			baseConfigurationReference = D28AB22C97FED483A75E0468 /* Pods-googlePlace.debug.xcconfig */;
			buildSettings = {
				ASSETCATALOG_COMPILER_APPICON_NAME = AppIcon;
				CODE_SIGN_STYLE = Automatic;
				DEVELOPMENT_TEAM = 2BTLTG5K7A;
				INFOPLIST_FILE = googlePlace/Info.plist;
				LD_RUNPATH_SEARCH_PATHS = (
					"$(inherited)",
					"@executable_path/Frameworks",
				);
				PRODUCT_BUNDLE_IDENTIFIER = invetech.googlePlace;
				PRODUCT_NAME = "$(TARGET_NAME)";
				SWIFT_VERSION = 4.0;
				TARGETED_DEVICE_FAMILY = "1,2";
			};
			name = Debug;
		};
		0D0286A520FC5EF500EBB913 /* Release */ = {
			isa = XCBuildConfiguration;
			baseConfigurationReference = A0AFB0B97A72F49152B5847E /* Pods-googlePlace.release.xcconfig */;
			buildSettings = {
				ASSETCATALOG_COMPILER_APPICON_NAME = AppIcon;
				CODE_SIGN_STYLE = Automatic;
				DEVELOPMENT_TEAM = 2BTLTG5K7A;
				INFOPLIST_FILE = googlePlace/Info.plist;
				LD_RUNPATH_SEARCH_PATHS = (
					"$(inherited)",
					"@executable_path/Frameworks",
				);
				PRODUCT_BUNDLE_IDENTIFIER = invetech.googlePlace;
				PRODUCT_NAME = "$(TARGET_NAME)";
				SWIFT_VERSION = 4.0;
				TARGETED_DEVICE_FAMILY = "1,2";
			};
			name = Release;
		};
		0D0286A720FC5EF500EBB913 /* Debug */ = {
			isa = XCBuildConfiguration;
			baseConfigurationReference = 75EF0975983B765D7B292BC3 /* Pods-googlePlaceTests.debug.xcconfig */;
			buildSettings = {
				ALWAYS_EMBED_SWIFT_STANDARD_LIBRARIES = YES;
				BUNDLE_LOADER = "$(TEST_HOST)";
				CODE_SIGN_STYLE = Automatic;
				DEVELOPMENT_TEAM = 2BTLTG5K7A;
				INFOPLIST_FILE = googlePlaceTests/Info.plist;
				LD_RUNPATH_SEARCH_PATHS = (
					"$(inherited)",
					"@executable_path/Frameworks",
					"@loader_path/Frameworks",
				);
				PRODUCT_BUNDLE_IDENTIFIER = invetech.googlePlaceTests;
				PRODUCT_NAME = "$(TARGET_NAME)";
				SWIFT_VERSION = 4.0;
				TARGETED_DEVICE_FAMILY = "1,2";
				TEST_HOST = "$(BUILT_PRODUCTS_DIR)/googlePlace.app/googlePlace";
			};
			name = Debug;
		};
		0D0286A820FC5EF500EBB913 /* Release */ = {
			isa = XCBuildConfiguration;
			baseConfigurationReference = 020A0FF59521A74FE4AF2812 /* Pods-googlePlaceTests.release.xcconfig */;
			buildSettings = {
				ALWAYS_EMBED_SWIFT_STANDARD_LIBRARIES = YES;
				BUNDLE_LOADER = "$(TEST_HOST)";
				CODE_SIGN_STYLE = Automatic;
				DEVELOPMENT_TEAM = 2BTLTG5K7A;
				INFOPLIST_FILE = googlePlaceTests/Info.plist;
				LD_RUNPATH_SEARCH_PATHS = (
					"$(inherited)",
					"@executable_path/Frameworks",
					"@loader_path/Frameworks",
				);
				PRODUCT_BUNDLE_IDENTIFIER = invetech.googlePlaceTests;
				PRODUCT_NAME = "$(TARGET_NAME)";
				SWIFT_VERSION = 4.0;
				TARGETED_DEVICE_FAMILY = "1,2";
				TEST_HOST = "$(BUILT_PRODUCTS_DIR)/googlePlace.app/googlePlace";
			};
			name = Release;
		};
		0D0286AA20FC5EF500EBB913 /* Debug */ = {
			isa = XCBuildConfiguration;
			baseConfigurationReference = CEAD8A1AB860234172F48B6A /* Pods-googlePlaceUITests.debug.xcconfig */;
			buildSettings = {
				ALWAYS_EMBED_SWIFT_STANDARD_LIBRARIES = YES;
				CODE_SIGN_STYLE = Automatic;
				DEVELOPMENT_TEAM = 2BTLTG5K7A;
				INFOPLIST_FILE = googlePlaceUITests/Info.plist;
				LD_RUNPATH_SEARCH_PATHS = (
					"$(inherited)",
					"@executable_path/Frameworks",
					"@loader_path/Frameworks",
				);
				PRODUCT_BUNDLE_IDENTIFIER = invetech.googlePlaceUITests;
				PRODUCT_NAME = "$(TARGET_NAME)";
				SWIFT_VERSION = 4.0;
				TARGETED_DEVICE_FAMILY = "1,2";
				TEST_TARGET_NAME = googlePlace;
			};
			name = Debug;
		};
		0D0286AB20FC5EF500EBB913 /* Release */ = {
			isa = XCBuildConfiguration;
			baseConfigurationReference = 91E6C7AC5AEC3F4E9B760459 /* Pods-googlePlaceUITests.release.xcconfig */;
			buildSettings = {
				ALWAYS_EMBED_SWIFT_STANDARD_LIBRARIES = YES;
				CODE_SIGN_STYLE = Automatic;
				DEVELOPMENT_TEAM = 2BTLTG5K7A;
				INFOPLIST_FILE = googlePlaceUITests/Info.plist;
				LD_RUNPATH_SEARCH_PATHS = (
					"$(inherited)",
					"@executable_path/Frameworks",
					"@loader_path/Frameworks",
				);
				PRODUCT_BUNDLE_IDENTIFIER = invetech.googlePlaceUITests;
				PRODUCT_NAME = "$(TARGET_NAME)";
				SWIFT_VERSION = 4.0;
				TARGETED_DEVICE_FAMILY = "1,2";
				TEST_TARGET_NAME = googlePlace;
			};
			name = Release;
		};
/* End XCBuildConfiguration section */

/* Begin XCConfigurationList section */
		0D02867620FC5EF200EBB913 /* Build configuration list for PBXProject "googlePlace" */ = {
			isa = XCConfigurationList;
			buildConfigurations = (
				0D0286A120FC5EF500EBB913 /* Debug */,
				0D0286A220FC5EF500EBB913 /* Release */,
			);
			defaultConfigurationIsVisible = 0;
			defaultConfigurationName = Release;
		};
		0D0286A320FC5EF500EBB913 /* Build configuration list for PBXNativeTarget "googlePlace" */ = {
			isa = XCConfigurationList;
			buildConfigurations = (
				0D0286A420FC5EF500EBB913 /* Debug */,
				0D0286A520FC5EF500EBB913 /* Release */,
			);
			defaultConfigurationIsVisible = 0;
			defaultConfigurationName = Release;
		};
		0D0286A620FC5EF500EBB913 /* Build configuration list for PBXNativeTarget "googlePlaceTests" */ = {
			isa = XCConfigurationList;
			buildConfigurations = (
				0D0286A720FC5EF500EBB913 /* Debug */,
				0D0286A820FC5EF500EBB913 /* Release */,
			);
			defaultConfigurationIsVisible = 0;
			defaultConfigurationName = Release;
		};
		0D0286A920FC5EF500EBB913 /* Build configuration list for PBXNativeTarget "googlePlaceUITests" */ = {
			isa = XCConfigurationList;
			buildConfigurations = (
				0D0286AA20FC5EF500EBB913 /* Debug */,
				0D0286AB20FC5EF500EBB913 /* Release */,
			);
			defaultConfigurationIsVisible = 0;
			defaultConfigurationName = Release;
		};
/* End XCConfigurationList section */
	};
	rootObject = 0D02867320FC5EF200EBB913 /* Project object */;
}
